<?xml version="1.0" encoding="utf-8"?>
<Project ToolsVersion="4.0" xmlns="http://schemas.microsoft.com/developer/msbuild/2003">
  <ItemGroup>
    <Filter Include="Game">
      <UniqueIdentifier>{f36aec4f-fb6d-4c5e-ad63-b4ec29307422}</UniqueIdentifier>
    </Filter>
    <Filter Include="Game\block">
      <UniqueIdentifier>{3cbdc0d6-7082-4329-8162-ad993fe9c62e}</UniqueIdentifier>
    </Filter>
    <Filter Include="Game\enemy">
      <UniqueIdentifier>{e0d5e5a1-a28f-4354-a770-481db8cf26c1}</UniqueIdentifier>
    </Filter>
    <Filter Include="Game\player">
      <UniqueIdentifier>{2e430f46-3a07-4224-99c5-bf29c5fc6cc0}</UniqueIdentifier>
    </Filter>
    <Filter Include="Game\stage">
      <UniqueIdentifier>{6d235d90-cbdd-40b5-951b-b688b0bfe6f8}</UniqueIdentifier>
    </Filter>
    <Filter Include="Game\followCamera">
      <UniqueIdentifier>{1e287115-be46-48f6-a7c4-4536e216f1eb}</UniqueIdentifier>
    </Filter>
    <Filter Include="App">
      <UniqueIdentifier>{70db69d4-d73d-48d6-b448-c6650e5237db}</UniqueIdentifier>
    </Filter>
    <Filter Include="Game\HitStop">
      <UniqueIdentifier>{0a686d88-1e53-49a2-acad-b80988446ba7}</UniqueIdentifier>
    </Filter>
    <Filter Include="Game\Effect">
      <UniqueIdentifier>{d7488c2c-bafa-4998-94d5-ee5a9abb8caa}</UniqueIdentifier>
    </Filter>
  </ItemGroup>
  <ItemGroup>
    <ClCompile Include="main.cpp" />
    <ClCompile Include="Unique.cpp">
      <Filter>Game</Filter>
    </ClCompile>
    <ClCompile Include="GameScene.cpp">
      <Filter>Game</Filter>
    </ClCompile>
    <ClCompile Include="Game\block\Block.cpp">
      <Filter>Game\block</Filter>
    </ClCompile>
    <ClCompile Include="Game\enemy\Enemy.cpp">
      <Filter>Game\enemy</Filter>
    </ClCompile>
    <ClCompile Include="Game\enemy\EnemyBullet.cpp">
      <Filter>Game\enemy</Filter>
    </ClCompile>
    <ClCompile Include="Game\stage\Stage.cpp">
      <Filter>Game\stage</Filter>
    </ClCompile>
    <ClCompile Include="Game\player\Player.cpp">
      <Filter>Game\player</Filter>
    </ClCompile>
    <ClCompile Include="Game\player\Weapon.cpp">
      <Filter>Game\player</Filter>
    </ClCompile>
    <ClCompile Include="Game\followCamera\FollowCamera.cpp">
      <Filter>Game\followCamera</Filter>
    </ClCompile>
    <ClCompile Include="Game\enemy\EnemyCore.cpp">
      <Filter>Game\enemy</Filter>
    </ClCompile>
    <ClCompile Include="Game\enemy\Laser.cpp">
      <Filter>Game\enemy</Filter>
    </ClCompile>
    <ClCompile Include="Game\player\Reticle3D.cpp">
      <Filter>Game\player</Filter>
    </ClCompile>
    <ClCompile Include="Game\enemy\EnemyCoreManager.cpp">
      <Filter>Game\enemy</Filter>
    </ClCompile>
    <ClCompile Include="Game\enemy\SmallEnemy.cpp">
      <Filter>Game\enemy</Filter>
    </ClCompile>
    <ClCompile Include="GlobalVariables.cpp" />
    <ClCompile Include="Game\enemy\SmallEnemyManager.cpp">
      <Filter>Game\enemy</Filter>
    </ClCompile>
    <ClCompile Include="App\MapEditor.cpp">
      <Filter>App</Filter>
    </ClCompile>
    <ClCompile Include="Game\HitStop\HitStopManager.cpp">
      <Filter>Game\HitStop</Filter>
    </ClCompile>
    <ClCompile Include="Game\Effect\Effect.cpp">
      <Filter>Game\Effect</Filter>
    </ClCompile>
    <ClCompile Include="Game\enemy\BarrierBullet.cpp">
      <Filter>Game\enemy</Filter>
    </ClCompile>
    <ClCompile Include="Game\enemy\BarrierBulletManager.cpp">
      <Filter>Game\enemy</Filter>
    </ClCompile>
    <ClCompile Include="Game\enemy\BulletManager.cpp">
      <Filter>Game\enemy</Filter>
    </ClCompile>
  </ItemGroup>
  <ItemGroup>
    <ClInclude Include="Unique.h">
      <Filter>Game</Filter>
    </ClInclude>
    <ClInclude Include="GameScene.h">
      <Filter>Game</Filter>
    </ClInclude>
    <ClInclude Include="Game\block\Block.h">
      <Filter>Game\block</Filter>
    </ClInclude>
    <ClInclude Include="Game\enemy\Enemy.h">
      <Filter>Game\enemy</Filter>
    </ClInclude>
    <ClInclude Include="Game\enemy\EnemyBullet.h">
      <Filter>Game\enemy</Filter>
    </ClInclude>
    <ClInclude Include="Game\player\Player.h">
      <Filter>Game\player</Filter>
    </ClInclude>
    <ClInclude Include="Game\followCamera\FollowCamera.h">
      <Filter>Game\followCamera</Filter>
    </ClInclude>
    <ClInclude Include="Game\stage\Stage.h">
      <Filter>Game\stage</Filter>
    </ClInclude>
    <ClInclude Include="Game\enemy\EnemyCore.h">
      <Filter>Game\enemy</Filter>
    </ClInclude>
    <ClInclude Include="Game\enemy\Laser.h">
      <Filter>Game\enemy</Filter>
    </ClInclude>
    <ClInclude Include="Game\player\Reticle3D.h">
      <Filter>Game\player</Filter>
    </ClInclude>
    <ClInclude Include="Game\enemy\EnemyCoreManager.h">
      <Filter>Game\enemy</Filter>
    </ClInclude>
    <ClInclude Include="Game\enemy\SmallEnemy.h">
      <Filter>Game\enemy</Filter>
    </ClInclude>
    <ClInclude Include="GlobalVariables.h" />
    <ClInclude Include="Game\enemy\SmallEnemyManager.h">
      <Filter>Game\enemy</Filter>
    </ClInclude>
    <ClInclude Include="Game\player\Weapon.h">
      <Filter>Game\player</Filter>
    </ClInclude>
    <ClInclude Include="App\MapEditor.h">
      <Filter>App</Filter>
    </ClInclude>
    <ClInclude Include="Game\HitStop\HitStopManager.h">
      <Filter>Game\HitStop</Filter>
    </ClInclude>
    <ClInclude Include="Game\Effect\Effect.h">
      <Filter>Game\Effect</Filter>
    </ClInclude>
    <ClInclude Include="Game\enemy\BarrierBullet.h">
      <Filter>Game\enemy</Filter>
    </ClInclude>
    <ClInclude Include="Game\enemy\BarrierBulletManager.h">
      <Filter>Game\enemy</Filter>
    </ClInclude>
    <ClInclude Include="Game\enemy\BulletManager.h">
      <Filter>Game\enemy</Filter>
    </ClInclude>
  </ItemGroup>
</Project>