<?xml version="1.0" encoding="utf-8"?>
<Project ToolsVersion="4.0" xmlns="http://schemas.microsoft.com/developer/msbuild/2003">
  <ItemGroup>
    <Filter Include="Game">
      <UniqueIdentifier>{f36aec4f-fb6d-4c5e-ad63-b4ec29307422}</UniqueIdentifier>
    </Filter>
    <Filter Include="Game\Scene">
      <UniqueIdentifier>{acb2ee37-3ac5-4112-bc91-6f34b1446501}</UniqueIdentifier>
    </Filter>
    <Filter Include="Game\Object">
      <UniqueIdentifier>{17c6b11b-0e64-4213-a296-f6c44a8ed39b}</UniqueIdentifier>
    </Filter>
    <Filter Include="Game\Object\Player">
      <UniqueIdentifier>{e183ebdb-5907-4de7-a888-6d504bdbd9c6}</UniqueIdentifier>
    </Filter>
  </ItemGroup>
  <ItemGroup>
    <ClInclude Include="AL4Game.h">
      <Filter>Game</Filter>
    </ClInclude>
    <ClInclude Include="GameScene.h">
      <Filter>Game\Scene</Filter>
    </ClInclude>
    <ClInclude Include="FollowCamera.h">
      <Filter>Game\Object</Filter>
    </ClInclude>
    <ClInclude Include="Ground.h">
      <Filter>Game\Object</Filter>
    </ClInclude>
    <ClInclude Include="Skydome.h">
      <Filter>Game\Object</Filter>
    </ClInclude>
    <ClInclude Include="Floor.h">
      <Filter>Game\Object</Filter>
    </ClInclude>
    <ClInclude Include="Stage.h">
      <Filter>Game\Object</Filter>
    </ClInclude>
    <ClInclude Include="CollisionAttribute.h">
      <Filter>Game\Object</Filter>
    </ClInclude>
    <ClInclude Include="Goal.h">
      <Filter>Game\Object</Filter>
    </ClInclude>
    <ClInclude Include="Enemy.h">
      <Filter>Game\Object</Filter>
    </ClInclude>
    <ClInclude Include="Weapon.h">
      <Filter>Game\Object</Filter>
    </ClInclude>
    <ClInclude Include="Player.h">
      <Filter>Game\Object\Player</Filter>
    </ClInclude>
    <ClInclude Include="PlayerState.h">
      <Filter>Game\Object\Player</Filter>
    </ClInclude>
    <ClInclude Include="GlobalVariables.h">
      <Filter>Game</Filter>
    </ClInclude>
    <ClInclude Include="LookOn.h">
      <Filter>Game\Object</Filter>
    </ClInclude>
  </ItemGroup>
  <ItemGroup>
    <ClCompile Include="main.cpp" />
    <ClCompile Include="AL4Game.cpp">
      <Filter>Game</Filter>
    </ClCompile>
    <ClCompile Include="GameScene.cpp">
      <Filter>Game\Scene</Filter>
    </ClCompile>
    <ClCompile Include="FollowCamera.cpp">
      <Filter>Game\Object</Filter>
    </ClCompile>
    <ClCompile Include="Ground.cpp">
      <Filter>Game\Object</Filter>
    </ClCompile>
    <ClCompile Include="Skydome.cpp">
      <Filter>Game\Object</Filter>
    </ClCompile>
    <ClCompile Include="Floor.cpp">
      <Filter>Game\Object</Filter>
    </ClCompile>
    <ClCompile Include="Stage.cpp">
      <Filter>Game\Object</Filter>
    </ClCompile>
    <ClCompile Include="Goal.cpp">
      <Filter>Game\Object</Filter>
    </ClCompile>
    <ClCompile Include="Enemy.cpp">
      <Filter>Game\Object</Filter>
    </ClCompile>
    <ClCompile Include="Weapon.cpp">
      <Filter>Game\Object</Filter>
    </ClCompile>
    <ClCompile Include="Player.cpp">
      <Filter>Game\Object\Player</Filter>
    </ClCompile>
    <ClCompile Include="PlayerState.cpp">
      <Filter>Game\Object\Player</Filter>
    </ClCompile>
    <ClCompile Include="GlobalVariables.cpp">
      <Filter>Game</Filter>
    </ClCompile>
    <ClCompile Include="LookOn.cpp">
      <Filter>Game\Object</Filter>
    </ClCompile>
  </ItemGroup>
</Project>